
Microsoft Visual Studio Solution File, Format Version 12.00
# Visual Studio Version 17
VisualStudioVersion = 17.4.32930.52
MinimumVisualStudioVersion = 10.0.40219.1
Project("{FAE04EC0-301F-11D3-BF4B-00C04F79EFBC}") = "MvcWindowsAuth", "MvcWindowsAuth\MvcWindowsAuth.csproj", "{58A6ED30-C83D-4BDD-930F-3BA34FB1EBD8}"
EndProject
Global
	GlobalSection(SolutionConfigurationPlatforms) = preSolution
		Debug|Any CPU = Debug|Any CPU
		Release|Any CPU = Release|Any CPU
	EndGlobalSection
	GlobalSection(ProjectConfigurationPlatforms) = postSolution
		{58A6ED30-C83D-4BDD-930F-3BA34FB1EBD8}.Debug|Any CPU.ActiveCfg = Debug|Any CPU
		{58A6ED30-C83D-4BDD-930F-3BA34FB1EBD8}.Debug|Any CPU.Build.0 = Debug|Any CPU
		{58A6ED30-C83D-4BDD-930F-3BA34FB1EBD8}.Release|Any CPU.ActiveCfg = Release|Any CPU
		{58A6ED30-C83D-4BDD-930F-3BA34FB1EBD8}.Release|Any CPU.Build.0 = Release|Any CPU
	EndGlobalSection
	GlobalSection(SolutionProperties) = preSolution
		HideSolutionNode = FALSE
	EndGlobalSection
	GlobalSection(ExtensibilityGlobals) = postSolution
		SolutionGuid = {A4F8D2DA-272C-4D04-B442-AEC6B5DD794C}
	EndGlobalSection
EndGlobal
