
Microsoft Visual Studio Solution File, Format Version 12.00
# Visual Studio Version 17
VisualStudioVersion = 17.4.32930.52
MinimumVisualStudioVersion = 10.0.40219.1
Project("{FAE04EC0-301F-11D3-BF4B-00C04F79EFBC}") = "WebFormsWindowsAuth", "WebFormsWindowsAuth\WebFormsWindowsAuth.csproj", "{42304C27-DA0F-423B-8733-F7765585E569}"
EndProject
Global
	GlobalSection(SolutionConfigurationPlatforms) = preSolution
		Debug|Any CPU = Debug|Any CPU
		Release|Any CPU = Release|Any CPU
	EndGlobalSection
	GlobalSection(ProjectConfigurationPlatforms) = postSolution
		{42304C27-DA0F-423B-8733-F7765585E569}.Debug|Any CPU.ActiveCfg = Debug|Any CPU
		{42304C27-DA0F-423B-8733-F7765585E569}.Debug|Any CPU.Build.0 = Debug|Any CPU
		{42304C27-DA0F-423B-8733-F7765585E569}.Release|Any CPU.ActiveCfg = Release|Any CPU
		{42304C27-DA0F-423B-8733-F7765585E569}.Release|Any CPU.Build.0 = Release|Any CPU
	EndGlobalSection
	GlobalSection(SolutionProperties) = preSolution
		HideSolutionNode = FALSE
	EndGlobalSection
	GlobalSection(ExtensibilityGlobals) = postSolution
		SolutionGuid = {6A295B75-B62D-4234-B982-3149A0F20A94}
	EndGlobalSection
EndGlobal
