
Microsoft Visual Studio Solution File, Format Version 12.00
# Visual Studio Version 17
VisualStudioVersion = 17.4.32930.52
MinimumVisualStudioVersion = 10.0.40219.1
Project("{FAE04EC0-301F-11D3-BF4B-00C04F79EFBC}") = "WebFormsNoAuth", "WebFormsNoAuth\WebFormsNoAuth.csproj", "{DDF01604-E1EB-4EB9-8129-6CA4A6433564}"
EndProject
Global
	GlobalSection(SolutionConfigurationPlatforms) = preSolution
		Debug|Any CPU = Debug|Any CPU
		Release|Any CPU = Release|Any CPU
	EndGlobalSection
	GlobalSection(ProjectConfigurationPlatforms) = postSolution
		{DDF01604-E1EB-4EB9-8129-6CA4A6433564}.Debug|Any CPU.ActiveCfg = Debug|Any CPU
		{DDF01604-E1EB-4EB9-8129-6CA4A6433564}.Debug|Any CPU.Build.0 = Debug|Any CPU
		{DDF01604-E1EB-4EB9-8129-6CA4A6433564}.Release|Any CPU.ActiveCfg = Release|Any CPU
		{DDF01604-E1EB-4EB9-8129-6CA4A6433564}.Release|Any CPU.Build.0 = Release|Any CPU
	EndGlobalSection
	GlobalSection(SolutionProperties) = preSolution
		HideSolutionNode = FALSE
	EndGlobalSection
	GlobalSection(ExtensibilityGlobals) = postSolution
		SolutionGuid = {51BFE145-1D91-4712-BB96-7E916B780520}
	EndGlobalSection
EndGlobal
